
Microsoft Visual Studio Solution File, Format Version 12.00
# Visual Studio 15
VisualStudioVersion = 15.0.28307.168
MinimumVisualStudioVersion = 10.0.40219.1
Project("{8BC9CEB8-8B4A-11D0-8D11-00A0C91BC942}") = "BullsAndCows", "BullsAndCows\BullsAndCows.vcxproj", "{DAEC7A84-241D-46BF-ADF5-50E53EFF4B0F}"
EndProject
Global
	GlobalSection(SolutionConfigurationPlatforms) = preSolution
		Debug|x64 = Debug|x64
		Debug|x86 = Debug|x86
		Release|x64 = Release|x64
		Release|x86 = Release|x86
	EndGlobalSection
	GlobalSection(ProjectConfigurationPlatforms) = postSolution
		{DAEC7A84-241D-46BF-ADF5-50E53EFF4B0F}.Debug|x64.ActiveCfg = Debug|x64
		{DAEC7A84-241D-46BF-ADF5-50E53EFF4B0F}.Debug|x64.Build.0 = Debug|x64
		{DAEC7A84-241D-46BF-ADF5-50E53EFF4B0F}.Debug|x86.ActiveCfg = Debug|Win32
		{DAEC7A84-241D-46BF-ADF5-50E53EFF4B0F}.Debug|x86.Build.0 = Debug|Win32
		{DAEC7A84-241D-46BF-ADF5-50E53EFF4B0F}.Release|x64.ActiveCfg = Release|x64
		{DAEC7A84-241D-46BF-ADF5-50E53EFF4B0F}.Release|x64.Build.0 = Release|x64
		{DAEC7A84-241D-46BF-ADF5-50E53EFF4B0F}.Release|x86.ActiveCfg = Release|Win32
		{DAEC7A84-241D-46BF-ADF5-50E53EFF4B0F}.Release|x86.Build.0 = Release|Win32
	EndGlobalSection
	GlobalSection(SolutionProperties) = preSolution
		HideSolutionNode = FALSE
	EndGlobalSection
	GlobalSection(ExtensibilityGlobals) = postSolution
		SolutionGuid = {5062F6A7-2F7B-44BF-99B0-C70E9EA4AD02}
	EndGlobalSection
EndGlobal
